PODS:
  - Fabric (1.6.12)
  - JSONModel (1.7.0)
  - SDWebImage (4.1.0):
    - SDWebImage/Core (= 4.1.0)
  - SDWebImage/Core (4.1.0)
  - TwitterCore (3.0.0)
  - TwitterKit (3.0.4):
    - TwitterCore (>= 3.0.0)

DEPENDENCIES:
  - Fabric
  - JSONModel (~> 1.7)
  - SDWebImage (~> 4.0)
  - TwitterCore
  - TwitterKit

SPEC CHECKSUMS:
  Fabric: f050464eac45a2ce5a8e6e6a07e977c0df32fe28
  JSONModel: 840bc0fcffb24b8454d2c026bf26fea454b8e98d
  SDWebImage: 0e435c14e402a6730315a0fb79f95e68654d55a4
  TwitterCore: 8ce250be1eb34633a0e6acc89520d4165ec52c10
  TwitterKit: 5064d99632a8d6e5f1364e6e8f7b211d196c0840

PODFILE CHECKSUM: 51dd1f76738200b20ffc56663b806ded55c792fb

COCOAPODS: 1.2.1
