// !$*UTF8*$!
{
	archiveVersion = 1;
	classes = {
	};
	objectVersion = 46;
	objects = {

/* Begin PBXBuildFile section */
		101A26651F34ABA6002397D2 /* main.m in Sources */ = {isa = PBXBuildFile; fileRef = 101A26641F34ABA6002397D2 /* main.m */; };
		101A26681F34ABA6002397D2 /* AppDelegate.m in Sources */ = {isa = PBXBuildFile; fileRef = 101A26671F34ABA6002397D2 /* AppDelegate.m */; };
		101A266B1F34ABA6002397D2 /* ViewController.m in Sources */ = {isa = PBXBuildFile; fileRef = 101A266A1F34ABA6002397D2 /* ViewController.m */; };
		101A266E1F34ABA6002397D2 /* Main.storyboard in Resources */ = {isa = PBXBuildFile; fileRef = 101A266C1F34ABA6002397D2 /* Main.storyboard */; };
		101A26701F34ABA6002397D2 /* Assets.xcassets in Resources */ = {isa = PBXBuildFile; fileRef = 101A266F1F34ABA6002397D2 /* Assets.xcassets */; };
		101A26731F34ABA6002397D2 /* LaunchScreen.storyboard in Resources */ = {isa = PBXBuildFile; fileRef = 101A26711F34ABA6002397D2 /* LaunchScreen.storyboard */; };
		C872EEC6AA22EF025A642B4C /* libPods-VNGRSTwitter.a in Frameworks */ = {isa = PBXBuildFile; fileRef = FFFC68E3C927EBDA8B71BE5D /* libPods-VNGRSTwitter.a */; };
		E8F513371F361509008357CB /* RemoteAction.m in Sources */ = {isa = PBXBuildFile; fileRef = E8F513361F361509008357CB /* RemoteAction.m */; };
		E8F5133D1F374AE6008357CB /* Tweets.m in Sources */ = {isa = PBXBuildFile; fileRef = E8F5133C1F374AE6008357CB /* Tweets.m */; };
		E8F513421F374EE4008357CB /* Tweet.m in Sources */ = {isa = PBXBuildFile; fileRef = E8F513401F374EE4008357CB /* Tweet.m */; };
		E8F5134B1F378440008357CB /* ImageCell.m in Sources */ = {isa = PBXBuildFile; fileRef = E8F5134A1F378440008357CB /* ImageCell.m */; };
		E8F5134E1F378450008357CB /* StandardCell.m in Sources */ = {isa = PBXBuildFile; fileRef = E8F5134D1F378450008357CB /* StandardCell.m */; };
		E8F513511F37BB58008357CB /* DetailViewController.m in Sources */ = {isa = PBXBuildFile; fileRef = E8F513501F37BB58008357CB /* DetailViewController.m */; };
/* End PBXBuildFile section */

/* Begin PBXFileReference section */
		101A26601F34ABA6002397D2 /* VNGRSTwitter.app */ = {isa = PBXFileReference; explicitFileType = wrapper.application; includeInIndex = 0; path = VNGRSTwitter.app; sourceTree = BUILT_PRODUCTS_DIR; };
		101A26641F34ABA6002397D2 /* main.m */ = {isa = PBXFileReference; lastKnownFileType = sourcecode.c.objc; path = main.m; sourceTree = "<group>"; };
		101A26661F34ABA6002397D2 /* AppDelegate.h */ = {isa = PBXFileReference; lastKnownFileType = sourcecode.c.h; path = AppDelegate.h; sourceTree = "<group>"; };
		101A26671F34ABA6002397D2 /* AppDelegate.m */ = {isa = PBXFileReference; lastKnownFileType = sourcecode.c.objc; path = AppDelegate.m; sourceTree = "<group>"; };
		101A26691F34ABA6002397D2 /* ViewController.h */ = {isa = PBXFileReference; lastKnownFileType = sourcecode.c.h; path = ViewController.h; sourceTree = "<group>"; };
		101A266A1F34ABA6002397D2 /* ViewController.m */ = {isa = PBXFileReference; lastKnownFileType = sourcecode.c.objc; path = ViewController.m; sourceTree = "<group>"; };
		101A266D1F34ABA6002397D2 /* Base */ = {isa = PBXFileReference; lastKnownFileType = file.storyboard; name = Base; path = Base.lproj/Main.storyboard; sourceTree = "<group>"; };
		101A266F1F34ABA6002397D2 /* Assets.xcassets */ = {isa = PBXFileReference; lastKnownFileType = folder.assetcatalog; path = Assets.xcassets; sourceTree = "<group>"; };
		101A26721F34ABA6002397D2 /* Base */ = {isa = PBXFileReference; lastKnownFileType = file.storyboard; name = Base; path = Base.lproj/LaunchScreen.storyboard; sourceTree = "<group>"; };
		101A26741F34ABA6002397D2 /* Info.plist */ = {isa = PBXFileReference; lastKnownFileType = text.plist.xml; path = Info.plist; sourceTree = "<group>"; };
		32BEF35DB4EAA443AA35966D /* Pods-VNGRSTwitter.release.xcconfig */ = {isa = PBXFileReference; includeInIndex = 1; lastKnownFileType = text.xcconfig; name = "Pods-VNGRSTwitter.release.xcconfig"; path = "Pods/Target Support Files/Pods-VNGRSTwitter/Pods-VNGRSTwitter.release.xcconfig"; sourceTree = "<group>"; };
		4DE94EE073300EC793C23215 /* Pods-VNGRSTwitter.debug.xcconfig */ = {isa = PBXFileReference; includeInIndex = 1; lastKnownFileType = text.xcconfig; name = "Pods-VNGRSTwitter.debug.xcconfig"; path = "Pods/Target Support Files/Pods-VNGRSTwitter/Pods-VNGRSTwitter.debug.xcconfig"; sourceTree = "<group>"; };
		E8F513351F361509008357CB /* RemoteAction.h */ = {isa = PBXFileReference; fileEncoding = 4; lastKnownFileType = sourcecode.c.h; path = RemoteAction.h; sourceTree = "<group>"; };
		E8F513361F361509008357CB /* RemoteAction.m */ = {isa = PBXFileReference; fileEncoding = 4; lastKnownFileType = sourcecode.c.objc; path = RemoteAction.m; sourceTree = "<group>"; };
		E8F5133B1F374AE6008357CB /* Tweets.h */ = {isa = PBXFileReference; fileEncoding = 4; lastKnownFileType = sourcecode.c.h; path = Tweets.h; sourceTree = "<group>"; };
		E8F5133C1F374AE6008357CB /* Tweets.m */ = {isa = PBXFileReference; fileEncoding = 4; lastKnownFileType = sourcecode.c.objc; path = Tweets.m; sourceTree = "<group>"; };
		E8F5133F1F374EE4008357CB /* Tweet.h */ = {isa = PBXFileReference; fileEncoding = 4; lastKnownFileType = sourcecode.c.h; path = Tweet.h; sourceTree = "<group>"; };
		E8F513401F374EE4008357CB /* Tweet.m */ = {isa = PBXFileReference; fileEncoding = 4; lastKnownFileType = sourcecode.c.objc; path = Tweet.m; sourceTree = "<group>"; };
		E8F513491F378440008357CB /* ImageCell.h */ = {isa = PBXFileReference; fileEncoding = 4; lastKnownFileType = sourcecode.c.h; path = ImageCell.h; sourceTree = "<group>"; };
		E8F5134A1F378440008357CB /* ImageCell.m */ = {isa = PBXFileReference; fileEncoding = 4; lastKnownFileType = sourcecode.c.objc; path = ImageCell.m; sourceTree = "<group>"; };
		E8F5134C1F378450008357CB /* StandardCell.h */ = {isa = PBXFileReference; fileEncoding = 4; lastKnownFileType = sourcecode.c.h; path = StandardCell.h; sourceTree = "<group>"; };
		E8F5134D1F378450008357CB /* StandardCell.m */ = {isa = PBXFileReference; fileEncoding = 4; lastKnownFileType = sourcecode.c.objc; path = StandardCell.m; sourceTree = "<group>"; };
		E8F5134F1F37BB58008357CB /* DetailViewController.h */ = {isa = PBXFileReference; fileEncoding = 4; lastKnownFileType = sourcecode.c.h; path = DetailViewController.h; sourceTree = "<group>"; };
		E8F513501F37BB58008357CB /* DetailViewController.m */ = {isa = PBXFileReference; fileEncoding = 4; lastKnownFileType = sourcecode.c.objc; path = DetailViewController.m; sourceTree = "<group>"; };
		FFFC68E3C927EBDA8B71BE5D /* libPods-VNGRSTwitter.a */ = {isa = PBXFileReference; explicitFileType = archive.ar; includeInIndex = 0; path = "libPods-VNGRSTwitter.a"; sourceTree = BUILT_PRODUCTS_DIR; };
/* End PBXFileReference section */

/* Begin PBXFrameworksBuildPhase section */
		101A265D1F34ABA6002397D2 /* Frameworks */ = {
			isa = PBXFrameworksBuildPhase;
			buildActionMask = 2147483647;
			files = (
				C872EEC6AA22EF025A642B4C /* libPods-VNGRSTwitter.a in Frameworks */,
			);
			runOnlyForDeploymentPostprocessing = 0;
		};
/* End PBXFrameworksBuildPhase section */

/* Begin PBXGroup section */
		09FF58309E1ADD0274B478BE /* Frameworks */ = {
			isa = PBXGroup;
			children = (
				FFFC68E3C927EBDA8B71BE5D /* libPods-VNGRSTwitter.a */,
			);
			name = Frameworks;
			sourceTree = "<group>";
		};
		101A26571F34ABA6002397D2 = {
			isa = PBXGroup;
			children = (
				101A26621F34ABA6002397D2 /* VNGRSTwitter */,
				101A26611F34ABA6002397D2 /* Products */,
				1DB33F1D00577EC2C6454E7B /* Pods */,
				09FF58309E1ADD0274B478BE /* Frameworks */,
			);
			sourceTree = "<group>";
		};
		101A26611F34ABA6002397D2 /* Products */ = {
			isa = PBXGroup;
			children = (
				101A26601F34ABA6002397D2 /* VNGRSTwitter.app */,
			);
			name = Products;
			sourceTree = "<group>";
		};
		101A26621F34ABA6002397D2 /* VNGRSTwitter */ = {
			isa = PBXGroup;
			children = (
				101A26661F34ABA6002397D2 /* AppDelegate.h */,
				101A26671F34ABA6002397D2 /* AppDelegate.m */,
				E8F513481F378428008357CB /* Detail */,
				E8F513471F378419008357CB /* Master */,
				E8F513461F376749008357CB /* Models */,
				101A266C1F34ABA6002397D2 /* Main.storyboard */,
				101A266F1F34ABA6002397D2 /* Assets.xcassets */,
				101A26711F34ABA6002397D2 /* LaunchScreen.storyboard */,
				101A26741F34ABA6002397D2 /* Info.plist */,
				101A26631F34ABA6002397D2 /* Supporting Files */,
			);
			path = VNGRSTwitter;
			sourceTree = "<group>";
		};
		101A26631F34ABA6002397D2 /* Supporting Files */ = {
			isa = PBXGroup;
			children = (
				101A26641F34ABA6002397D2 /* main.m */,
			);
			name = "Supporting Files";
			sourceTree = "<group>";
		};
		1DB33F1D00577EC2C6454E7B /* Pods */ = {
			isa = PBXGroup;
			children = (
				4DE94EE073300EC793C23215 /* Pods-VNGRSTwitter.debug.xcconfig */,
				32BEF35DB4EAA443AA35966D /* Pods-VNGRSTwitter.release.xcconfig */,
			);
			name = Pods;
			sourceTree = "<group>";
		};
		E8F513461F376749008357CB /* Models */ = {
			isa = PBXGroup;
			children = (
				E8F513351F361509008357CB /* RemoteAction.h */,
				E8F513361F361509008357CB /* RemoteAction.m */,
				E8F5133B1F374AE6008357CB /* Tweets.h */,
				E8F5133C1F374AE6008357CB /* Tweets.m */,
				E8F5133F1F374EE4008357CB /* Tweet.h */,
				E8F513401F374EE4008357CB /* Tweet.m */,
			);
			name = Models;
			sourceTree = "<group>";
		};
		E8F513471F378419008357CB /* Master */ = {
			isa = PBXGroup;
			children = (
				101A26691F34ABA6002397D2 /* ViewController.h */,
				101A266A1F34ABA6002397D2 /* ViewController.m */,
				E8F5134C1F378450008357CB /* StandardCell.h */,
				E8F5134D1F378450008357CB /* StandardCell.m */,
				E8F513491F378440008357CB /* ImageCell.h */,
				E8F5134A1F378440008357CB /* ImageCell.m */,
			);
			name = Master;
			sourceTree = "<group>";
		};
		E8F513481F378428008357CB /* Detail */ = {
			isa = PBXGroup;
			children = (
				E8F5134F1F37BB58008357CB /* DetailViewController.h */,
				E8F513501F37BB58008357CB /* DetailViewController.m */,
			);
			name = Detail;
			sourceTree = "<group>";
		};
/* End PBXGroup section */

/* Begin PBXNativeTarget section */
		101A265F1F34ABA6002397D2 /* VNGRSTwitter */ = {
			isa = PBXNativeTarget;
			buildConfigurationList = 101A26771F34ABA6002397D2 /* Build configuration list for PBXNativeTarget "VNGRSTwitter" */;
			buildPhases = (
				05E8F9752C5223A76BFEA7E4 /* [CP] Check Pods Manifest.lock */,
				101A265C1F34ABA6002397D2 /* Sources */,
				101A265D1F34ABA6002397D2 /* Frameworks */,
				101A265E1F34ABA6002397D2 /* Resources */,
				F20AC95201A29C28B105A0ED /* [CP] Embed Pods Frameworks */,
				C05F0DB06D3AFE08DC28D0A7 /* [CP] Copy Pods Resources */,
			);
			buildRules = (
			);
			dependencies = (
			);
			name = VNGRSTwitter;
			productName = VNGRSTwitter;
			productReference = 101A26601F34ABA6002397D2 /* VNGRSTwitter.app */;
			productType = "com.apple.product-type.application";
		};
/* End PBXNativeTarget section */

/* Begin PBXProject section */
		101A26581F34ABA6002397D2 /* Project object */ = {
			isa = PBXProject;
			attributes = {
				LastUpgradeCheck = 0830;
				ORGANIZATIONNAME = "Erdem ilker Sen";
				TargetAttributes = {
					101A265F1F34ABA6002397D2 = {
						CreatedOnToolsVersion = 8.3.2;
						ProvisioningStyle = Automatic;
					};
				};
			};
			buildConfigurationList = 101A265B1F34ABA6002397D2 /* Build configuration list for PBXProject "VNGRSTwitter" */;
			compatibilityVersion = "Xcode 3.2";
			developmentRegion = English;
			hasScannedForEncodings = 0;
			knownRegions = (
				en,
				Base,
			);
			mainGroup = 101A26571F34ABA6002397D2;
			productRefGroup = 101A26611F34ABA6002397D2 /* Products */;
			projectDirPath = "";
			projectRoot = "";
			targets = (
				101A265F1F34ABA6002397D2 /* VNGRSTwitter */,
			);
		};
/* End PBXProject section */

/* Begin PBXResourcesBuildPhase section */
		101A265E1F34ABA6002397D2 /* Resources */ = {
			isa = PBXResourcesBuildPhase;
			buildActionMask = 2147483647;
			files = (
				101A26731F34ABA6002397D2 /* LaunchScreen.storyboard in Resources */,
				101A26701F34ABA6002397D2 /* Assets.xcassets in Resources */,
				101A266E1F34ABA6002397D2 /* Main.storyboard in Resources */,
			);
			runOnlyForDeploymentPostprocessing = 0;
		};
/* End PBXResourcesBuildPhase section */

/* Begin PBXShellScriptBuildPhase section */
		05E8F9752C5223A76BFEA7E4 /* [CP] Check Pods Manifest.lock */ = {
			isa = PBXShellScriptBuildPhase;
			buildActionMask = 2147483647;
			files = (
			);
			inputPaths = (
			);
			name = "[CP] Check Pods Manifest.lock";
			outputPaths = (
			);
			runOnlyForDeploymentPostprocessing = 0;
			shellPath = /bin/sh;
			shellScript = "diff \"${PODS_ROOT}/../Podfile.lock\" \"${PODS_ROOT}/Manifest.lock\" > /dev/null\nif [ $? != 0 ] ; then\n    # print error to STDERR\n    echo \"error: The sandbox is not in sync with the Podfile.lock. Run 'pod install' or update your CocoaPods installation.\" >&2\n    exit 1\nfi\n";
			showEnvVarsInLog = 0;
		};
		C05F0DB06D3AFE08DC28D0A7 /* [CP] Copy Pods Resources */ = {
			isa = PBXShellScriptBuildPhase;
			buildActionMask = 2147483647;
			files = (
			);
			inputPaths = (
			);
			name = "[CP] Copy Pods Resources";
			outputPaths = (
			);
			runOnlyForDeploymentPostprocessing = 0;
			shellPath = /bin/sh;
			shellScript = "\"${SRCROOT}/Pods/Target Support Files/Pods-VNGRSTwitter/Pods-VNGRSTwitter-resources.sh\"\n";
			showEnvVarsInLog = 0;
		};
		F20AC95201A29C28B105A0ED /* [CP] Embed Pods Frameworks */ = {
			isa = PBXShellScriptBuildPhase;
			buildActionMask = 2147483647;
			files = (
			);
			inputPaths = (
			);
			name = "[CP] Embed Pods Frameworks";
			outputPaths = (
			);
			runOnlyForDeploymentPostprocessing = 0;
			shellPath = /bin/sh;
			shellScript = "\"${SRCROOT}/Pods/Target Support Files/Pods-VNGRSTwitter/Pods-VNGRSTwitter-frameworks.sh\"\n";
			showEnvVarsInLog = 0;
		};
/* End PBXShellScriptBuildPhase section */

/* Begin PBXSourcesBuildPhase section */
		101A265C1F34ABA6002397D2 /* Sources */ = {
			isa = PBXSourcesBuildPhase;
			buildActionMask = 2147483647;
			files = (
				101A266B1F34ABA6002397D2 /* ViewController.m in Sources */,
				101A26681F34ABA6002397D2 /* AppDelegate.m in Sources */,
				E8F513511F37BB58008357CB /* DetailViewController.m in Sources */,
				E8F5134E1F378450008357CB /* StandardCell.m in Sources */,
				E8F513421F374EE4008357CB /* Tweet.m in Sources */,
				E8F5134B1F378440008357CB /* ImageCell.m in Sources */,
				E8F5133D1F374AE6008357CB /* Tweets.m in Sources */,
				101A26651F34ABA6002397D2 /* main.m in Sources */,
				E8F513371F361509008357CB /* RemoteAction.m in Sources */,
			);
			runOnlyForDeploymentPostprocessing = 0;
		};
/* End PBXSourcesBuildPhase section */

/* Begin PBXVariantGroup section */
		101A266C1F34ABA6002397D2 /* Main.storyboard */ = {
			isa = PBXVariantGroup;
			children = (
				101A266D1F34ABA6002397D2 /* Base */,
			);
			name = Main.storyboard;
			sourceTree = "<group>";
		};
		101A26711F34ABA6002397D2 /* LaunchScreen.storyboard */ = {
			isa = PBXVariantGroup;
			children = (
				101A26721F34ABA6002397D2 /* Base */,
			);
			name = LaunchScreen.storyboard;
			sourceTree = "<group>";
		};
/* End PBXVariantGroup section */

/* Begin XCBuildConfiguration section */
		101A26751F34ABA6002397D2 /* Debug */ = {
			isa = XCBuildConfiguration;
			buildSettings = {
				ALWAYS_SEARCH_USER_PATHS = NO;
				CLANG_ANALYZER_NONNULL = YES;
				CLANG_ANALYZER_NUMBER_OBJECT_CONVERSION = YES_AGGRESSIVE;
				CLANG_CXX_LANGUAGE_STANDARD = "gnu++0x";
				CLANG_CXX_LIBRARY = "libc++";
				CLANG_ENABLE_MODULES = YES;
				CLANG_ENABLE_OBJC_ARC = YES;
				CLANG_WARN_BOOL_CONVERSION = YES;
				CLANG_WARN_CONSTANT_CONVERSION = YES;
				CLANG_WARN_DIRECT_OBJC_ISA_USAGE = YES_ERROR;
				CLANG_WARN_DOCUMENTATION_COMMENTS = YES;
				CLANG_WARN_EMPTY_BODY = YES;
				CLANG_WARN_ENUM_CONVERSION = YES;
				CLANG_WARN_INFINITE_RECURSION = YES;
				CLANG_WARN_INT_CONVERSION = YES;
				CLANG_WARN_OBJC_ROOT_CLASS = YES_ERROR;
				CLANG_WARN_SUSPICIOUS_MOVE = YES;
				CLANG_WARN_UNREACHABLE_CODE = YES;
				CLANG_WARN__DUPLICATE_METHOD_MATCH = YES;
				"CODE_SIGN_IDENTITY[sdk=iphoneos*]" = "iPhone Developer";
				COPY_PHASE_STRIP = NO;
				DEBUG_INFORMATION_FORMAT = dwarf;
				ENABLE_STRICT_OBJC_MSGSEND = YES;
				ENABLE_TESTABILITY = YES;
				GCC_C_LANGUAGE_STANDARD = gnu99;
				GCC_DYNAMIC_NO_PIC = NO;
				GCC_NO_COMMON_BLOCKS = YES;
				GCC_OPTIMIZATION_LEVEL = 0;
				GCC_PREPROCESSOR_DEFINITIONS = (
					"DEBUG=1",
					"$(inherited)",
				);
				GCC_WARN_64_TO_32_BIT_CONVERSION = YES;
				GCC_WARN_ABOUT_RETURN_TYPE = YES_ERROR;
				GCC_WARN_UNDECLARED_SELECTOR = YES;
				GCC_WARN_UNINITIALIZED_AUTOS = YES_AGGRESSIVE;
				GCC_WARN_UNUSED_FUNCTION = YES;
				GCC_WARN_UNUSED_VARIABLE = YES;
				IPHONEOS_DEPLOYMENT_TARGET = 10.3;
				MTL_ENABLE_DEBUG_INFO = YES;
				ONLY_ACTIVE_ARCH = YES;
				SDKROOT = iphoneos;
			};
			name = Debug;
		};
		101A26761F34ABA6002397D2 /* Release */ = {
			isa = XCBuildConfiguration;
			buildSettings = {
				ALWAYS_SEARCH_USER_PATHS = NO;
				CLANG_ANALYZER_NONNULL = YES;
				CLANG_ANALYZER_NUMBER_OBJECT_CONVERSION = YES_AGGRESSIVE;
				CLANG_CXX_LANGUAGE_STANDARD = "gnu++0x";
				CLANG_CXX_LIBRARY = "libc++";
				CLANG_ENABLE_MODULES = YES;
				CLANG_ENABLE_OBJC_ARC = YES;
				CLANG_WARN_BOOL_CONVERSION = YES;
				CLANG_WARN_CONSTANT_CONVERSION = YES;
				CLANG_WARN_DIRECT_OBJC_ISA_USAGE = YES_ERROR;
				CLANG_WARN_DOCUMENTATION_COMMENTS = YES;
				CLANG_WARN_EMPTY_BODY = YES;
				CLANG_WARN_ENUM_CONVERSION = YES;
				CLANG_WARN_INFINITE_RECURSION = YES;
				CLANG_WARN_INT_CONVERSION = YES;
				CLANG_WARN_OBJC_ROOT_CLASS = YES_ERROR;
				CLANG_WARN_SUSPICIOUS_MOVE = YES;
				CLANG_WARN_UNREACHABLE_CODE = YES;
				CLANG_WARN__DUPLICATE_METHOD_MATCH = YES;
				"CODE_SIGN_IDENTITY[sdk=iphoneos*]" = "iPhone Developer";
				COPY_PHASE_STRIP = NO;
				DEBUG_INFORMATION_FORMAT = "dwarf-with-dsym";
				ENABLE_NS_ASSERTIONS = NO;
				ENABLE_STRICT_OBJC_MSGSEND = YES;
				GCC_C_LANGUAGE_STANDARD = gnu99;
				GCC_NO_COMMON_BLOCKS = YES;
				GCC_WARN_64_TO_32_BIT_CONVERSION = YES;
				GCC_WARN_ABOUT_RETURN_TYPE = YES_ERROR;
				GCC_WARN_UNDECLARED_SELECTOR = YES;
				GCC_WARN_UNINITIALIZED_AUTOS = YES_AGGRESSIVE;
				GCC_WARN_UNUSED_FUNCTION = YES;
				GCC_WARN_UNUSED_VARIABLE = YES;
				IPHONEOS_DEPLOYMENT_TARGET = 10.3;
				MTL_ENABLE_DEBUG_INFO = NO;
				SDKROOT = iphoneos;
				VALIDATE_PRODUCT = YES;
			};
			name = Release;
		};
		101A26781F34ABA6002397D2 /* Debug */ = {
			isa = XCBuildConfiguration;
			baseConfigurationReference = 4DE94EE073300EC793C23215 /* Pods-VNGRSTwitter.debug.xcconfig */;
			buildSettings = {
				ASSETCATALOG_COMPILER_APPICON_NAME = AppIcon;
				INFOPLIST_FILE = VNGRSTwitter/Info.plist;
				LD_RUNPATH_SEARCH_PATHS = "$(inherited) @executable_path/Frameworks";
				PRODUCT_BUNDLE_IDENTIFIER = com.ios.VNGRSTwitter;
				PRODUCT_NAME = "$(TARGET_NAME)";
			};
			name = Debug;
		};
		101A26791F34ABA6002397D2 /* Release */ = {
			isa = XCBuildConfiguration;
			baseConfigurationReference = 32BEF35DB4EAA443AA35966D /* Pods-VNGRSTwitter.release.xcconfig */;
			buildSettings = {
				ASSETCATALOG_COMPILER_APPICON_NAME = AppIcon;
				INFOPLIST_FILE = VNGRSTwitter/Info.plist;
				LD_RUNPATH_SEARCH_PATHS = "$(inherited) @executable_path/Frameworks";
				PRODUCT_BUNDLE_IDENTIFIER = com.ios.VNGRSTwitter;
				PRODUCT_NAME = "$(TARGET_NAME)";
			};
			name = Release;
		};
/* End XCBuildConfiguration section */

/* Begin XCConfigurationList section */
		101A265B1F34ABA6002397D2 /* Build configuration list for PBXProject "VNGRSTwitter" */ = {
			isa = XCConfigurationList;
			buildConfigurations = (
				101A26751F34ABA6002397D2 /* Debug */,
				101A26761F34ABA6002397D2 /* Release */,
			);
			defaultConfigurationIsVisible = 0;
			defaultConfigurationName = Release;
		};
		101A26771F34ABA6002397D2 /* Build configuration list for PBXNativeTarget "VNGRSTwitter" */ = {
			isa = XCConfigurationList;
			buildConfigurations = (
				101A26781F34ABA6002397D2 /* Debug */,
				101A26791F34ABA6002397D2 /* Release */,
			);
			defaultConfigurationIsVisible = 0;
			defaultConfigurationName = Release;
		};
/* End XCConfigurationList section */
	};
	rootObject = 101A26581F34ABA6002397D2 /* Project object */;
}
